
Microsoft Visual Studio Solution File, Format Version 12.00
# Visual Studio 2012
Project("{FAE04EC0-301F-11D3-BF4B-00C04F79EFBC}") = "c sharp class", "c sharp class\c sharp class.csproj", "{8081AE94-E85B-4F85-83C3-D14D74A95093}"
EndProject
Project("{FAE04EC0-301F-11D3-BF4B-00C04F79EFBC}") = "variables declaration c sharp class", "..\variables declaration c sharp class\variables declaration c sharp class\variables declaration c sharp class.csproj", "{5D305FF7-65BA-4BC1-A22A-F3B137CCCD4C}"
EndProject
Project("{FAE04EC0-301F-11D3-BF4B-00C04F79EFBC}") = "c sharp tutorials", "..\c sharp tutorials\c sharp tutorials\c sharp tutorials.csproj", "{026A4862-8BC4-4826-9F92-BE8141487D05}"
EndProject
Global
	GlobalSection(SolutionConfigurationPlatforms) = preSolution
		Debug|Any CPU = Debug|Any CPU
		Release|Any CPU = Release|Any CPU
	EndGlobalSection
	GlobalSection(ProjectConfigurationPlatforms) = postSolution
		{8081AE94-E85B-4F85-83C3-D14D74A95093}.Debug|Any CPU.ActiveCfg = Debug|Any CPU
		{8081AE94-E85B-4F85-83C3-D14D74A95093}.Debug|Any CPU.Build.0 = Debug|Any CPU
		{8081AE94-E85B-4F85-83C3-D14D74A95093}.Release|Any CPU.ActiveCfg = Release|Any CPU
		{8081AE94-E85B-4F85-83C3-D14D74A95093}.Release|Any CPU.Build.0 = Release|Any CPU
		{5D305FF7-65BA-4BC1-A22A-F3B137CCCD4C}.Debug|Any CPU.ActiveCfg = Debug|Any CPU
		{5D305FF7-65BA-4BC1-A22A-F3B137CCCD4C}.Debug|Any CPU.Build.0 = Debug|Any CPU
		{5D305FF7-65BA-4BC1-A22A-F3B137CCCD4C}.Release|Any CPU.ActiveCfg = Release|Any CPU
		{5D305FF7-65BA-4BC1-A22A-F3B137CCCD4C}.Release|Any CPU.Build.0 = Release|Any CPU
		{026A4862-8BC4-4826-9F92-BE8141487D05}.Debug|Any CPU.ActiveCfg = Debug|Any CPU
		{026A4862-8BC4-4826-9F92-BE8141487D05}.Debug|Any CPU.Build.0 = Debug|Any CPU
		{026A4862-8BC4-4826-9F92-BE8141487D05}.Release|Any CPU.ActiveCfg = Release|Any CPU
		{026A4862-8BC4-4826-9F92-BE8141487D05}.Release|Any CPU.Build.0 = Release|Any CPU
	EndGlobalSection
	GlobalSection(SolutionProperties) = preSolution
		HideSolutionNode = FALSE
	EndGlobalSection
EndGlobal
